{
  "name": "waste-to-needs",
<<<<<<< HEAD
  "version": "1.0.0",
  "lockfileVersion": 3,
  "requires": true,
  "packages": {
    "": {
      "name": "waste-to-needs",
      "version": "1.0.0",
      "license": "ISC"
    }
  }
=======
  "lockfileVersion": 3,
  "requires": true,
  "packages": {}
>>>>>>> 7426e66 (Save local changes before rebase)
}
